
Microsoft Visual Studio Solution File, Format Version 12.00
# Visual Studio Version 16
VisualStudioVersion = 16.0.32002.261
MinimumVisualStudioVersion = 10.0.40219.1
Project("{9A19103F-16F7-4668-BE54-9A1E7A4F7556}") = "10", "10\10.csproj", "{B046B865-B03B-4294-B45F-93157B9E6592}"
EndProject
Project("{9A19103F-16F7-4668-BE54-9A1E7A4F7556}") = "11", "11\11.csproj", "{300855A9-0F8A-4804-B1DE-2BF2B9873ED5}"
EndProject
Project("{9A19103F-16F7-4668-BE54-9A1E7A4F7556}") = "11.2", "11.2\11.2.csproj", "{63D1797A-B3B1-4765-B3B6-43E3C347CB9B}"
EndProject
Project("{9A19103F-16F7-4668-BE54-9A1E7A4F7556}") = "11.3", "11.3\11.3.csproj", "{1057D64A-C795-477F-9E83-2A67FF41A5C9}"
EndProject
Project("{FAE04EC0-301F-11D3-BF4B-00C04F79EFBC}") = "12", "12\12.csproj", "{BF4AFE9F-CEDD-45E5-AC52-7721A9916984}"
EndProject
Global
	GlobalSection(SolutionConfigurationPlatforms) = preSolution
		Debug|Any CPU = Debug|Any CPU
		Release|Any CPU = Release|Any CPU
	EndGlobalSection
	GlobalSection(ProjectConfigurationPlatforms) = postSolution
		{B046B865-B03B-4294-B45F-93157B9E6592}.Debug|Any CPU.ActiveCfg = Debug|Any CPU
		{B046B865-B03B-4294-B45F-93157B9E6592}.Debug|Any CPU.Build.0 = Debug|Any CPU
		{B046B865-B03B-4294-B45F-93157B9E6592}.Release|Any CPU.ActiveCfg = Release|Any CPU
		{B046B865-B03B-4294-B45F-93157B9E6592}.Release|Any CPU.Build.0 = Release|Any CPU
		{300855A9-0F8A-4804-B1DE-2BF2B9873ED5}.Debug|Any CPU.ActiveCfg = Debug|Any CPU
		{300855A9-0F8A-4804-B1DE-2BF2B9873ED5}.Debug|Any CPU.Build.0 = Debug|Any CPU
		{300855A9-0F8A-4804-B1DE-2BF2B9873ED5}.Release|Any CPU.ActiveCfg = Release|Any CPU
		{300855A9-0F8A-4804-B1DE-2BF2B9873ED5}.Release|Any CPU.Build.0 = Release|Any CPU
		{63D1797A-B3B1-4765-B3B6-43E3C347CB9B}.Debug|Any CPU.ActiveCfg = Debug|Any CPU
		{63D1797A-B3B1-4765-B3B6-43E3C347CB9B}.Debug|Any CPU.Build.0 = Debug|Any CPU
		{63D1797A-B3B1-4765-B3B6-43E3C347CB9B}.Release|Any CPU.ActiveCfg = Release|Any CPU
		{63D1797A-B3B1-4765-B3B6-43E3C347CB9B}.Release|Any CPU.Build.0 = Release|Any CPU
		{1057D64A-C795-477F-9E83-2A67FF41A5C9}.Debug|Any CPU.ActiveCfg = Debug|Any CPU
		{1057D64A-C795-477F-9E83-2A67FF41A5C9}.Debug|Any CPU.Build.0 = Debug|Any CPU
		{1057D64A-C795-477F-9E83-2A67FF41A5C9}.Release|Any CPU.ActiveCfg = Release|Any CPU
		{1057D64A-C795-477F-9E83-2A67FF41A5C9}.Release|Any CPU.Build.0 = Release|Any CPU
		{BF4AFE9F-CEDD-45E5-AC52-7721A9916984}.Debug|Any CPU.ActiveCfg = Debug|Any CPU
		{BF4AFE9F-CEDD-45E5-AC52-7721A9916984}.Debug|Any CPU.Build.0 = Debug|Any CPU
		{BF4AFE9F-CEDD-45E5-AC52-7721A9916984}.Release|Any CPU.ActiveCfg = Release|Any CPU
		{BF4AFE9F-CEDD-45E5-AC52-7721A9916984}.Release|Any CPU.Build.0 = Release|Any CPU
	EndGlobalSection
	GlobalSection(SolutionProperties) = preSolution
		HideSolutionNode = FALSE
	EndGlobalSection
	GlobalSection(ExtensibilityGlobals) = postSolution
		SolutionGuid = {0364075C-B2B2-4603-90A2-153A2DC77E06}
	EndGlobalSection
EndGlobal
